lockfileVersion: '9.0'

settings:
  autoInstallPeers: true
  excludeLinksFromLockfile: false

importers:

  .:
    dependencies:
      '@vicons/fluent':
        specifier: ^0.13.0
        version: 0.13.0
      compressorjs:
        specifier: ^1.2.1
        version: 1.2.1

packages:

  '@vicons/fluent@0.13.0':
    resolution: {integrity: sha512-bYGZsOE3qzvm3Cm43e7tybgGlr5ZUpYqtRZq0g0Tfupe8jIzLolpvQLNUt1zS8Mgt6goTbUk5YH7Fkv16jkykg==}

  blueimp-canvas-to-blob@3.29.0:
    resolution: {integrity: sha512-0pcSSGxC0QxT+yVkivxIqW0Y4VlO2XSDPofBAqoJ1qJxgH9eiUDLv50Rixij2cDuEfx4M6DpD9UGZpRhT5Q8qg==}

  compressorjs@1.2.1:
    resolution: {integrity: sha512-+geIjeRnPhQ+LLvvA7wxBQE5ddeLU7pJ3FsKFWirDw6veY3s9iLxAQEw7lXGHnhCJvBujEQWuNnGzZcvCvdkLQ==}

  is-blob@2.1.0:
    resolution: {integrity: sha512-SZ/fTft5eUhQM6oF/ZaASFDEdbFVe89Imltn9uZr03wdKMcWNVYSMjQPFtg05QuNkt5l5c135ElvXEQG0rk4tw==}
    engines: {node: '>=6'}

snapshots:

  '@vicons/fluent@0.13.0': {}

  blueimp-canvas-to-blob@3.29.0: {}

  compressorjs@1.2.1:
    dependencies:
      blueimp-canvas-to-blob: 3.29.0
      is-blob: 2.1.0

  is-blob@2.1.0: {}
